// !$*UTF8*$!
{
	archiveVersion = 1;
	classes = {
	};
	objectVersion = 56;
	objects = {

/* Begin PBXBuildFile section */
		391518252A98C1F100526905 /* AboutView.xib in Resources */ = {isa = PBXBuildFile; fileRef = 391518242A98C1F100526905 /* AboutView.xib */; };
		391518292A98C2A300526905 /* AboutView.swift in Sources */ = {isa = PBXBuildFile; fileRef = 391518282A98C2A300526905 /* AboutView.swift */; };
		3932C08A2A9B6C8F006369C6 /* VsModeGame.swift in Sources */ = {isa = PBXBuildFile; fileRef = 3932C0892A9B6C8F006369C6 /* VsModeGame.swift */; };
		3932C0922A9B73F5006369C6 /* CombatViewController.swift in Sources */ = {isa = PBXBuildFile; fileRef = 3932C0902A9B73F5006369C6 /* CombatViewController.swift */; };
		3932C0932A9B73F5006369C6 /* CombatViewController.xib in Resources */ = {isa = PBXBuildFile; fileRef = 3932C0912A9B73F5006369C6 /* CombatViewController.xib */; };
		395223A22B28904B002CF67A /* UILabelExtension.swift in Sources */ = {isa = PBXBuildFile; fileRef = 395223A12B28904B002CF67A /* UILabelExtension.swift */; };
		397704CA2AA308DD000E57B2 /* SelectPokemonViewController.swift in Sources */ = {isa = PBXBuildFile; fileRef = 397704C82AA308DD000E57B2 /* SelectPokemonViewController.swift */; };
		397704CB2AA308DD000E57B2 /* SelectPokemonViewController.xib in Resources */ = {isa = PBXBuildFile; fileRef = 397704C92AA308DD000E57B2 /* SelectPokemonViewController.xib */; };
		3985E4732A95E34300CDEB44 /* StringExtensions.swift in Sources */ = {isa = PBXBuildFile; fileRef = 3985E4722A95E34300CDEB44 /* StringExtensions.swift */; };
		3985E4762A95E9D100CDEB44 /* PokemonDetailViewController.swift in Sources */ = {isa = PBXBuildFile; fileRef = 3985E4742A95E9D100CDEB44 /* PokemonDetailViewController.swift */; };
		3985E4772A95E9D100CDEB44 /* PokemonDetailViewController.xib in Resources */ = {isa = PBXBuildFile; fileRef = 3985E4752A95E9D100CDEB44 /* PokemonDetailViewController.xib */; };
		398906E92A93BBE300BF2288 /* AppDelegate.swift in Sources */ = {isa = PBXBuildFile; fileRef = 398906E82A93BBE300BF2288 /* AppDelegate.swift */; };
		398906F22A93BBE600BF2288 /* Assets.xcassets in Resources */ = {isa = PBXBuildFile; fileRef = 398906F12A93BBE600BF2288 /* Assets.xcassets */; };
		398906F52A93BBE600BF2288 /* LaunchScreen.storyboard in Resources */ = {isa = PBXBuildFile; fileRef = 398906F32A93BBE600BF2288 /* LaunchScreen.storyboard */; };
		398907002A93BBE600BF2288 /* MyNewPokedexTests.swift in Sources */ = {isa = PBXBuildFile; fileRef = 398906FF2A93BBE600BF2288 /* MyNewPokedexTests.swift */; };
		399323332B2A33FD00DB636F /* Player.swift in Sources */ = {isa = PBXBuildFile; fileRef = 399323322B2A33FD00DB636F /* Player.swift */; };
		3993D2EB2A94FB680031409F /* PokemonCell.swift in Sources */ = {isa = PBXBuildFile; fileRef = 3993D2E92A94FB680031409F /* PokemonCell.swift */; };
		3993D2EC2A94FB680031409F /* PokemonCell.xib in Resources */ = {isa = PBXBuildFile; fileRef = 3993D2EA2A94FB680031409F /* PokemonCell.xib */; };
		3993D2EF2A95138D0031409F /* Kingfisher in Frameworks */ = {isa = PBXBuildFile; productRef = 3993D2EE2A95138D0031409F /* Kingfisher */; };
		39A0F4622A9751F3003BD1DA /* StatsCell.swift in Sources */ = {isa = PBXBuildFile; fileRef = 39A0F4602A9751F3003BD1DA /* StatsCell.swift */; };
		39A0F4632A9751F3003BD1DA /* StatsCell.xib in Resources */ = {isa = PBXBuildFile; fileRef = 39A0F4612A9751F3003BD1DA /* StatsCell.xib */; };
		39A99CF92AA4932300DF6212 /* NavigationStyle.swift in Sources */ = {isa = PBXBuildFile; fileRef = 39A99CF82AA4932300DF6212 /* NavigationStyle.swift */; };
		39B4A06F2A93BC41009846D4 /* PokemonListViewController.swift in Sources */ = {isa = PBXBuildFile; fileRef = 39B4A06D2A93BC41009846D4 /* PokemonListViewController.swift */; };
		39B4A0702A93BC41009846D4 /* PokemonListViewController.xib in Resources */ = {isa = PBXBuildFile; fileRef = 39B4A06E2A93BC41009846D4 /* PokemonListViewController.xib */; };
		39B4A0762A93BE20009846D4 /* Pokemon.swift in Sources */ = {isa = PBXBuildFile; fileRef = 39B4A0752A93BE20009846D4 /* Pokemon.swift */; };
		39B4A0782A93BE67009846D4 /* PokemonApi.swift in Sources */ = {isa = PBXBuildFile; fileRef = 39B4A0772A93BE67009846D4 /* PokemonApi.swift */; };
		39BC6BE32AC33FF500AD6635 /* ViewExtension.swift in Sources */ = {isa = PBXBuildFile; fileRef = 39BC6BE22AC33FF500AD6635 /* ViewExtension.swift */; };
		39BC6BE62AC356FD00AD6635 /* ConstantsStyles.swift in Sources */ = {isa = PBXBuildFile; fileRef = 39BC6BE52AC356FD00AD6635 /* ConstantsStyles.swift */; };
		39BE14CA2AA06EF100B6C21E /* HomeViewController.swift in Sources */ = {isa = PBXBuildFile; fileRef = 39BE14C82AA06EF100B6C21E /* HomeViewController.swift */; };
		39BE14CB2AA06EF100B6C21E /* HomeViewController.xib in Resources */ = {isa = PBXBuildFile; fileRef = 39BE14C92AA06EF100B6C21E /* HomeViewController.xib */; };
		39CA25482A9C7EDF001B4A66 /* CombatDataView.xib in Resources */ = {isa = PBXBuildFile; fileRef = 39CA25472A9C7EDF001B4A66 /* CombatDataView.xib */; };
		39CA254A2A9C82EA001B4A66 /* CombatDataView.swift in Sources */ = {isa = PBXBuildFile; fileRef = 39CA25492A9C82EA001B4A66 /* CombatDataView.swift */; };
		39D9D8432BB82F8500B5331A /* Endpoints.swift in Sources */ = {isa = PBXBuildFile; fileRef = 39D9D8422BB82F8500B5331A /* Endpoints.swift */; };
/* End PBXBuildFile section */

/* Begin PBXContainerItemProxy section */
		398906FC2A93BBE600BF2288 /* PBXContainerItemProxy */ = {
			isa = PBXContainerItemProxy;
			containerPortal = 398906DD2A93BBE300BF2288 /* Project object */;
			proxyType = 1;
			remoteGlobalIDString = 398906E42A93BBE300BF2288;
			remoteInfo = MyNewPokedex;
		};
		398907062A93BBE600BF2288 /* PBXContainerItemProxy */ = {
			isa = PBXContainerItemProxy;
			containerPortal = 398906DD2A93BBE300BF2288 /* Project object */;
			proxyType = 1;
			remoteGlobalIDString = 398906E42A93BBE300BF2288;
			remoteInfo = MyNewPokedex;
		};
/* End PBXContainerItemProxy section */

/* Begin PBXFileReference section */
		391518242A98C1F100526905 /* AboutView.xib */ = {isa = PBXFileReference; lastKnownFileType = file.xib; path = AboutView.xib; sourceTree = "<group>"; };
		391518282A98C2A300526905 /* AboutView.swift */ = {isa = PBXFileReference; lastKnownFileType = sourcecode.swift; path = AboutView.swift; sourceTree = "<group>"; };
		3932C0892A9B6C8F006369C6 /* VsModeGame.swift */ = {isa = PBXFileReference; lastKnownFileType = sourcecode.swift; path = VsModeGame.swift; sourceTree = "<group>"; };
		3932C0902A9B73F5006369C6 /* CombatViewController.swift */ = {isa = PBXFileReference; lastKnownFileType = sourcecode.swift; path = CombatViewController.swift; sourceTree = "<group>"; };
		3932C0912A9B73F5006369C6 /* CombatViewController.xib */ = {isa = PBXFileReference; lastKnownFileType = file.xib; path = CombatViewController.xib; sourceTree = "<group>"; };
		395223A12B28904B002CF67A /* UILabelExtension.swift */ = {isa = PBXFileReference; lastKnownFileType = sourcecode.swift; path = UILabelExtension.swift; sourceTree = "<group>"; };
		397704C82AA308DD000E57B2 /* SelectPokemonViewController.swift */ = {isa = PBXFileReference; lastKnownFileType = sourcecode.swift; path = SelectPokemonViewController.swift; sourceTree = "<group>"; };
		397704C92AA308DD000E57B2 /* SelectPokemonViewController.xib */ = {isa = PBXFileReference; lastKnownFileType = file.xib; path = SelectPokemonViewController.xib; sourceTree = "<group>"; };
		3985E4722A95E34300CDEB44 /* StringExtensions.swift */ = {isa = PBXFileReference; lastKnownFileType = sourcecode.swift; path = StringExtensions.swift; sourceTree = "<group>"; };
		3985E4742A95E9D100CDEB44 /* PokemonDetailViewController.swift */ = {isa = PBXFileReference; lastKnownFileType = sourcecode.swift; path = PokemonDetailViewController.swift; sourceTree = "<group>"; };
		3985E4752A95E9D100CDEB44 /* PokemonDetailViewController.xib */ = {isa = PBXFileReference; lastKnownFileType = file.xib; path = PokemonDetailViewController.xib; sourceTree = "<group>"; };
		398906E52A93BBE300BF2288 /* MyNewPokedex.app */ = {isa = PBXFileReference; explicitFileType = wrapper.application; includeInIndex = 0; path = MyNewPokedex.app; sourceTree = BUILT_PRODUCTS_DIR; };
		398906E82A93BBE300BF2288 /* AppDelegate.swift */ = {isa = PBXFileReference; lastKnownFileType = sourcecode.swift; path = AppDelegate.swift; sourceTree = "<group>"; };
		398906F12A93BBE600BF2288 /* Assets.xcassets */ = {isa = PBXFileReference; lastKnownFileType = folder.assetcatalog; path = Assets.xcassets; sourceTree = "<group>"; };
		398906F42A93BBE600BF2288 /* Base */ = {isa = PBXFileReference; lastKnownFileType = file.storyboard; name = Base; path = Base.lproj/LaunchScreen.storyboard; sourceTree = "<group>"; };
		398906F62A93BBE600BF2288 /* Info.plist */ = {isa = PBXFileReference; lastKnownFileType = text.plist.xml; path = Info.plist; sourceTree = "<group>"; };
		398906FB2A93BBE600BF2288 /* MyNewPokedexTests.xctest */ = {isa = PBXFileReference; explicitFileType = wrapper.cfbundle; includeInIndex = 0; path = MyNewPokedexTests.xctest; sourceTree = BUILT_PRODUCTS_DIR; };
		398906FF2A93BBE600BF2288 /* MyNewPokedexTests.swift */ = {isa = PBXFileReference; lastKnownFileType = sourcecode.swift; path = MyNewPokedexTests.swift; sourceTree = "<group>"; };
		398907052A93BBE600BF2288 /* MyNewPokedexUITests.xctest */ = {isa = PBXFileReference; explicitFileType = wrapper.cfbundle; includeInIndex = 0; path = MyNewPokedexUITests.xctest; sourceTree = BUILT_PRODUCTS_DIR; };
		399323322B2A33FD00DB636F /* Player.swift */ = {isa = PBXFileReference; lastKnownFileType = sourcecode.swift; path = Player.swift; sourceTree = "<group>"; };
		3993D2E92A94FB680031409F /* PokemonCell.swift */ = {isa = PBXFileReference; lastKnownFileType = sourcecode.swift; path = PokemonCell.swift; sourceTree = "<group>"; };
		3993D2EA2A94FB680031409F /* PokemonCell.xib */ = {isa = PBXFileReference; lastKnownFileType = file.xib; path = PokemonCell.xib; sourceTree = "<group>"; };
		39A0F4602A9751F3003BD1DA /* StatsCell.swift */ = {isa = PBXFileReference; lastKnownFileType = sourcecode.swift; path = StatsCell.swift; sourceTree = "<group>"; };
		39A0F4612A9751F3003BD1DA /* StatsCell.xib */ = {isa = PBXFileReference; lastKnownFileType = file.xib; path = StatsCell.xib; sourceTree = "<group>"; };
		39A99CF82AA4932300DF6212 /* NavigationStyle.swift */ = {isa = PBXFileReference; lastKnownFileType = sourcecode.swift; path = NavigationStyle.swift; sourceTree = "<group>"; };
		39B4A06D2A93BC41009846D4 /* PokemonListViewController.swift */ = {isa = PBXFileReference; lastKnownFileType = sourcecode.swift; path = PokemonListViewController.swift; sourceTree = "<group>"; };
		39B4A06E2A93BC41009846D4 /* PokemonListViewController.xib */ = {isa = PBXFileReference; lastKnownFileType = file.xib; path = PokemonListViewController.xib; sourceTree = "<group>"; };
		39B4A0752A93BE20009846D4 /* Pokemon.swift */ = {isa = PBXFileReference; lastKnownFileType = sourcecode.swift; path = Pokemon.swift; sourceTree = "<group>"; };
		39B4A0772A93BE67009846D4 /* PokemonApi.swift */ = {isa = PBXFileReference; lastKnownFileType = sourcecode.swift; path = PokemonApi.swift; sourceTree = "<group>"; };
		39BC6BE22AC33FF500AD6635 /* ViewExtension.swift */ = {isa = PBXFileReference; lastKnownFileType = sourcecode.swift; path = ViewExtension.swift; sourceTree = "<group>"; };
		39BC6BE52AC356FD00AD6635 /* ConstantsStyles.swift */ = {isa = PBXFileReference; lastKnownFileType = sourcecode.swift; path = ConstantsStyles.swift; sourceTree = "<group>"; };
		39BE14C82AA06EF100B6C21E /* HomeViewController.swift */ = {isa = PBXFileReference; lastKnownFileType = sourcecode.swift; path = HomeViewController.swift; sourceTree = "<group>"; };
		39BE14C92AA06EF100B6C21E /* HomeViewController.xib */ = {isa = PBXFileReference; lastKnownFileType = file.xib; path = HomeViewController.xib; sourceTree = "<group>"; };
		39CA25472A9C7EDF001B4A66 /* CombatDataView.xib */ = {isa = PBXFileReference; lastKnownFileType = file.xib; path = CombatDataView.xib; sourceTree = "<group>"; };
		39CA25492A9C82EA001B4A66 /* CombatDataView.swift */ = {isa = PBXFileReference; lastKnownFileType = sourcecode.swift; path = CombatDataView.swift; sourceTree = "<group>"; };
		39D9D8422BB82F8500B5331A /* Endpoints.swift */ = {isa = PBXFileReference; lastKnownFileType = sourcecode.swift; path = Endpoints.swift; sourceTree = "<group>"; };
/* End PBXFileReference section */

/* Begin PBXFrameworksBuildPhase section */
		398906E22A93BBE300BF2288 /* Frameworks */ = {
			isa = PBXFrameworksBuildPhase;
			buildActionMask = 2147483647;
			files = (
				3993D2EF2A95138D0031409F /* Kingfisher in Frameworks */,
			);
			runOnlyForDeploymentPostprocessing = 0;
		};
		398906F82A93BBE600BF2288 /* Frameworks */ = {
			isa = PBXFrameworksBuildPhase;
			buildActionMask = 2147483647;
			files = (
			);
			runOnlyForDeploymentPostprocessing = 0;
		};
		398907022A93BBE600BF2288 /* Frameworks */ = {
			isa = PBXFrameworksBuildPhase;
			buildActionMask = 2147483647;
			files = (
			);
			runOnlyForDeploymentPostprocessing = 0;
		};
/* End PBXFrameworksBuildPhase section */

/* Begin PBXGroup section */
		3952239F2B288F2D002CF67A /* App */ = {
			isa = PBXGroup;
			children = (
				398906E82A93BBE300BF2288 /* AppDelegate.swift */,
			);
			path = App;
			sourceTree = "<group>";
		};
		395223A02B288F34002CF67A /* Resources */ = {
			isa = PBXGroup;
			children = (
				39BC6BE42AC356E100AD6635 /* Constants */,
				39BC6BE12AC33FD700AD6635 /* Extensions */,
				398906F12A93BBE600BF2288 /* Assets.xcassets */,
			);
			path = Resources;
			sourceTree = "<group>";
		};
		39701F252B12652A00CBC981 /* UI */ = {
			isa = PBXGroup;
			children = (
				398906F32A93BBE600BF2288 /* LaunchScreen.storyboard */,
				39B4A07C2A93C1C5009846D4 /* CustomCells */,
				39701F262B12653F00CBC981 /* HomeView */,
				39701F272B12655D00CBC981 /* PokemonListView */,
				39701F2A2B1265B300CBC981 /* CombatView */,
				39701F292B12659700CBC981 /* SelectPokemonView */,
				39701F282B12657800CBC981 /* PokemonDetail */,
			);
			path = UI;
			sourceTree = "<group>";
		};
		39701F262B12653F00CBC981 /* HomeView */ = {
			isa = PBXGroup;
			children = (
				39BE14C82AA06EF100B6C21E /* HomeViewController.swift */,
				39BE14C92AA06EF100B6C21E /* HomeViewController.xib */,
			);
			path = HomeView;
			sourceTree = "<group>";
		};
		39701F272B12655D00CBC981 /* PokemonListView */ = {
			isa = PBXGroup;
			children = (
				39B4A06D2A93BC41009846D4 /* PokemonListViewController.swift */,
				39B4A06E2A93BC41009846D4 /* PokemonListViewController.xib */,
			);
			path = PokemonListView;
			sourceTree = "<group>";
		};
		39701F282B12657800CBC981 /* PokemonDetail */ = {
			isa = PBXGroup;
			children = (
				39701F2C2B1265FA00CBC981 /* AboutView */,
				3985E4742A95E9D100CDEB44 /* PokemonDetailViewController.swift */,
				3985E4752A95E9D100CDEB44 /* PokemonDetailViewController.xib */,
			);
			path = PokemonDetail;
			sourceTree = "<group>";
		};
		39701F292B12659700CBC981 /* SelectPokemonView */ = {
			isa = PBXGroup;
			children = (
				397704C82AA308DD000E57B2 /* SelectPokemonViewController.swift */,
				397704C92AA308DD000E57B2 /* SelectPokemonViewController.xib */,
			);
			path = SelectPokemonView;
			sourceTree = "<group>";
		};
		39701F2A2B1265B300CBC981 /* CombatView */ = {
			isa = PBXGroup;
			children = (
				39701F2B2B1265DF00CBC981 /* CombatDataView */,
				3932C0902A9B73F5006369C6 /* CombatViewController.swift */,
				3932C0912A9B73F5006369C6 /* CombatViewController.xib */,
			);
			path = CombatView;
			sourceTree = "<group>";
		};
		39701F2B2B1265DF00CBC981 /* CombatDataView */ = {
			isa = PBXGroup;
			children = (
				39CA25492A9C82EA001B4A66 /* CombatDataView.swift */,
				39CA25472A9C7EDF001B4A66 /* CombatDataView.xib */,
			);
			path = CombatDataView;
			sourceTree = "<group>";
		};
		39701F2C2B1265FA00CBC981 /* AboutView */ = {
			isa = PBXGroup;
			children = (
				391518282A98C2A300526905 /* AboutView.swift */,
				391518242A98C1F100526905 /* AboutView.xib */,
			);
			path = AboutView;
			sourceTree = "<group>";
		};
		39701F2D2B1267A600CBC981 /* Domain */ = {
			isa = PBXGroup;
			children = (
				395223A02B288F34002CF67A /* Resources */,
				39B4A0712A93BDC6009846D4 /* Model */,
				39B4A0742A93BE0B009846D4 /* Networking */,
			);
			path = Domain;
			sourceTree = "<group>";
		};
		398906DC2A93BBE300BF2288 = {
			isa = PBXGroup;
			children = (
				398906E72A93BBE300BF2288 /* MyNewPokedex */,
				398906FE2A93BBE600BF2288 /* MyNewPokedexTests */,
				398906E62A93BBE300BF2288 /* Products */,
			);
			sourceTree = "<group>";
		};
		398906E62A93BBE300BF2288 /* Products */ = {
			isa = PBXGroup;
			children = (
				398906E52A93BBE300BF2288 /* MyNewPokedex.app */,
				398906FB2A93BBE600BF2288 /* MyNewPokedexTests.xctest */,
				398907052A93BBE600BF2288 /* MyNewPokedexUITests.xctest */,
			);
			name = Products;
			sourceTree = "<group>";
		};
		398906E72A93BBE300BF2288 /* MyNewPokedex */ = {
			isa = PBXGroup;
			children = (
				3952239F2B288F2D002CF67A /* App */,
				39701F2D2B1267A600CBC981 /* Domain */,
				39701F252B12652A00CBC981 /* UI */,
				398906F62A93BBE600BF2288 /* Info.plist */,
			);
			path = MyNewPokedex;
			sourceTree = "<group>";
		};
		398906FE2A93BBE600BF2288 /* MyNewPokedexTests */ = {
			isa = PBXGroup;
			children = (
				398906FF2A93BBE600BF2288 /* MyNewPokedexTests.swift */,
			);
			path = MyNewPokedexTests;
			sourceTree = "<group>";
		};
		399323342B2A348400DB636F /* PokemonCell */ = {
			isa = PBXGroup;
			children = (
				3993D2EA2A94FB680031409F /* PokemonCell.xib */,
				3993D2E92A94FB680031409F /* PokemonCell.swift */,
			);
			path = PokemonCell;
			sourceTree = "<group>";
		};
		399323352B2A34A500DB636F /* StatsCell */ = {
			isa = PBXGroup;
			children = (
				39A0F4612A9751F3003BD1DA /* StatsCell.xib */,
				39A0F4602A9751F3003BD1DA /* StatsCell.swift */,
			);
			path = StatsCell;
			sourceTree = "<group>";
		};
		39B4A0712A93BDC6009846D4 /* Model */ = {
			isa = PBXGroup;
			children = (
				39D9D8442BB82FA800B5331A /* Networking */,
				3932C0892A9B6C8F006369C6 /* VsModeGame.swift */,
				39B4A0752A93BE20009846D4 /* Pokemon.swift */,
				399323322B2A33FD00DB636F /* Player.swift */,
			);
			path = Model;
			sourceTree = "<group>";
		};
		39B4A0742A93BE0B009846D4 /* Networking */ = {
			isa = PBXGroup;
			children = (
				39B4A0772A93BE67009846D4 /* PokemonApi.swift */,
			);
			path = Networking;
			sourceTree = "<group>";
		};
		39B4A07C2A93C1C5009846D4 /* CustomCells */ = {
			isa = PBXGroup;
			children = (
				399323352B2A34A500DB636F /* StatsCell */,
				399323342B2A348400DB636F /* PokemonCell */,
			);
			path = CustomCells;
			sourceTree = "<group>";
		};
		39BC6BE12AC33FD700AD6635 /* Extensions */ = {
			isa = PBXGroup;
			children = (
				3985E4722A95E34300CDEB44 /* StringExtensions.swift */,
				39A99CF82AA4932300DF6212 /* NavigationStyle.swift */,
				39BC6BE22AC33FF500AD6635 /* ViewExtension.swift */,
				395223A12B28904B002CF67A /* UILabelExtension.swift */,
			);
			path = Extensions;
			sourceTree = "<group>";
		};
		39BC6BE42AC356E100AD6635 /* Constants */ = {
			isa = PBXGroup;
			children = (
				39BC6BE52AC356FD00AD6635 /* ConstantsStyles.swift */,
			);
			path = Constants;
			sourceTree = "<group>";
		};
		39D9D8442BB82FA800B5331A /* Networking */ = {
			isa = PBXGroup;
			children = (
				39D9D8422BB82F8500B5331A /* Endpoints.swift */,
			);
			path = Networking;
			sourceTree = "<group>";
		};
/* End PBXGroup section */

/* Begin PBXNativeTarget section */
		398906E42A93BBE300BF2288 /* MyNewPokedex */ = {
			isa = PBXNativeTarget;
			buildConfigurationList = 3989070F2A93BBE600BF2288 /* Build configuration list for PBXNativeTarget "MyNewPokedex" */;
			buildPhases = (
				398906E12A93BBE300BF2288 /* Sources */,
				398906E22A93BBE300BF2288 /* Frameworks */,
				398906E32A93BBE300BF2288 /* Resources */,
			);
			buildRules = (
			);
			dependencies = (
			);
			name = MyNewPokedex;
			packageProductDependencies = (
				3993D2EE2A95138D0031409F /* Kingfisher */,
			);
			productName = MyNewPokedex;
			productReference = 398906E52A93BBE300BF2288 /* MyNewPokedex.app */;
			productType = "com.apple.product-type.application";
		};
		398906FA2A93BBE600BF2288 /* MyNewPokedexTests */ = {
			isa = PBXNativeTarget;
			buildConfigurationList = 398907122A93BBE600BF2288 /* Build configuration list for PBXNativeTarget "MyNewPokedexTests" */;
			buildPhases = (
				398906F72A93BBE600BF2288 /* Sources */,
				398906F82A93BBE600BF2288 /* Frameworks */,
				398906F92A93BBE600BF2288 /* Resources */,
			);
			buildRules = (
			);
			dependencies = (
				398906FD2A93BBE600BF2288 /* PBXTargetDependency */,
			);
			name = MyNewPokedexTests;
			productName = MyNewPokedexTests;
			productReference = 398906FB2A93BBE600BF2288 /* MyNewPokedexTests.xctest */;
			productType = "com.apple.product-type.bundle.unit-test";
		};
		398907042A93BBE600BF2288 /* MyNewPokedexUITests */ = {
			isa = PBXNativeTarget;
			buildConfigurationList = 398907152A93BBE600BF2288 /* Build configuration list for PBXNativeTarget "MyNewPokedexUITests" */;
			buildPhases = (
				398907012A93BBE600BF2288 /* Sources */,
				398907022A93BBE600BF2288 /* Frameworks */,
				398907032A93BBE600BF2288 /* Resources */,
			);
			buildRules = (
			);
			dependencies = (
				398907072A93BBE600BF2288 /* PBXTargetDependency */,
			);
			name = MyNewPokedexUITests;
			productName = MyNewPokedexUITests;
			productReference = 398907052A93BBE600BF2288 /* MyNewPokedexUITests.xctest */;
			productType = "com.apple.product-type.bundle.ui-testing";
		};
/* End PBXNativeTarget section */

/* Begin PBXProject section */
		398906DD2A93BBE300BF2288 /* Project object */ = {
			isa = PBXProject;
			attributes = {
				BuildIndependentTargetsInParallel = 1;
				LastSwiftUpdateCheck = 1430;
				LastUpgradeCheck = 1500;
				TargetAttributes = {
					398906E42A93BBE300BF2288 = {
						CreatedOnToolsVersion = 14.3.1;
					};
					398906FA2A93BBE600BF2288 = {
						CreatedOnToolsVersion = 14.3.1;
						TestTargetID = 398906E42A93BBE300BF2288;
					};
					398907042A93BBE600BF2288 = {
						CreatedOnToolsVersion = 14.3.1;
						TestTargetID = 398906E42A93BBE300BF2288;
					};
				};
			};
			buildConfigurationList = 398906E02A93BBE300BF2288 /* Build configuration list for PBXProject "MyNewPokedex" */;
			compatibilityVersion = "Xcode 14.0";
			developmentRegion = en;
			hasScannedForEncodings = 0;
			knownRegions = (
				en,
				Base,
			);
			mainGroup = 398906DC2A93BBE300BF2288;
			packageReferences = (
				3993D2ED2A95138D0031409F /* XCRemoteSwiftPackageReference "Kingfisher" */,
			);
			productRefGroup = 398906E62A93BBE300BF2288 /* Products */;
			projectDirPath = "";
			projectRoot = "";
			targets = (
				398906E42A93BBE300BF2288 /* MyNewPokedex */,
				398906FA2A93BBE600BF2288 /* MyNewPokedexTests */,
				398907042A93BBE600BF2288 /* MyNewPokedexUITests */,
			);
		};
/* End PBXProject section */

/* Begin PBXResourcesBuildPhase section */
		398906E32A93BBE300BF2288 /* Resources */ = {
			isa = PBXResourcesBuildPhase;
			buildActionMask = 2147483647;
			files = (
				398906F52A93BBE600BF2288 /* LaunchScreen.storyboard in Resources */,
				398906F22A93BBE600BF2288 /* Assets.xcassets in Resources */,
				39B4A0702A93BC41009846D4 /* PokemonListViewController.xib in Resources */,
				391518252A98C1F100526905 /* AboutView.xib in Resources */,
				39A0F4632A9751F3003BD1DA /* StatsCell.xib in Resources */,
				39CA25482A9C7EDF001B4A66 /* CombatDataView.xib in Resources */,
				3993D2EC2A94FB680031409F /* PokemonCell.xib in Resources */,
				397704CB2AA308DD000E57B2 /* SelectPokemonViewController.xib in Resources */,
				3985E4772A95E9D100CDEB44 /* PokemonDetailViewController.xib in Resources */,
				3932C0932A9B73F5006369C6 /* CombatViewController.xib in Resources */,
				39BE14CB2AA06EF100B6C21E /* HomeViewController.xib in Resources */,
			);
			runOnlyForDeploymentPostprocessing = 0;
		};
		398906F92A93BBE600BF2288 /* Resources */ = {
			isa = PBXResourcesBuildPhase;
			buildActionMask = 2147483647;
			files = (
			);
			runOnlyForDeploymentPostprocessing = 0;
		};
		398907032A93BBE600BF2288 /* Resources */ = {
			isa = PBXResourcesBuildPhase;
			buildActionMask = 2147483647;
			files = (
			);
			runOnlyForDeploymentPostprocessing = 0;
		};
/* End PBXResourcesBuildPhase section */

/* Begin PBXSourcesBuildPhase section */
		398906E12A93BBE300BF2288 /* Sources */ = {
			isa = PBXSourcesBuildPhase;
			buildActionMask = 2147483647;
			files = (
				398906E92A93BBE300BF2288 /* AppDelegate.swift in Sources */,
				39A99CF92AA4932300DF6212 /* NavigationStyle.swift in Sources */,
				39A0F4622A9751F3003BD1DA /* StatsCell.swift in Sources */,
				3985E4732A95E34300CDEB44 /* StringExtensions.swift in Sources */,
				39BC6BE62AC356FD00AD6635 /* ConstantsStyles.swift in Sources */,
				3932C08A2A9B6C8F006369C6 /* VsModeGame.swift in Sources */,
				3985E4762A95E9D100CDEB44 /* PokemonDetailViewController.swift in Sources */,
				391518292A98C2A300526905 /* AboutView.swift in Sources */,
				39CA254A2A9C82EA001B4A66 /* CombatDataView.swift in Sources */,
				39B4A06F2A93BC41009846D4 /* PokemonListViewController.swift in Sources */,
				39B4A0782A93BE67009846D4 /* PokemonApi.swift in Sources */,
				39B4A0762A93BE20009846D4 /* Pokemon.swift in Sources */,
				39D9D8432BB82F8500B5331A /* Endpoints.swift in Sources */,
				39BC6BE32AC33FF500AD6635 /* ViewExtension.swift in Sources */,
				3993D2EB2A94FB680031409F /* PokemonCell.swift in Sources */,
				39BE14CA2AA06EF100B6C21E /* HomeViewController.swift in Sources */,
				397704CA2AA308DD000E57B2 /* SelectPokemonViewController.swift in Sources */,
				399323332B2A33FD00DB636F /* Player.swift in Sources */,
				395223A22B28904B002CF67A /* UILabelExtension.swift in Sources */,
				3932C0922A9B73F5006369C6 /* CombatViewController.swift in Sources */,
			);
			runOnlyForDeploymentPostprocessing = 0;
		};
		398906F72A93BBE600BF2288 /* Sources */ = {
			isa = PBXSourcesBuildPhase;
			buildActionMask = 2147483647;
			files = (
				398907002A93BBE600BF2288 /* MyNewPokedexTests.swift in Sources */,
			);
			runOnlyForDeploymentPostprocessing = 0;
		};
		398907012A93BBE600BF2288 /* Sources */ = {
			isa = PBXSourcesBuildPhase;
			buildActionMask = 2147483647;
			files = (
			);
			runOnlyForDeploymentPostprocessing = 0;
		};
/* End PBXSourcesBuildPhase section */

/* Begin PBXTargetDependency section */
		398906FD2A93BBE600BF2288 /* PBXTargetDependency */ = {
			isa = PBXTargetDependency;
			target = 398906E42A93BBE300BF2288 /* MyNewPokedex */;
			targetProxy = 398906FC2A93BBE600BF2288 /* PBXContainerItemProxy */;
		};
		398907072A93BBE600BF2288 /* PBXTargetDependency */ = {
			isa = PBXTargetDependency;
			target = 398906E42A93BBE300BF2288 /* MyNewPokedex */;
			targetProxy = 398907062A93BBE600BF2288 /* PBXContainerItemProxy */;
		};
/* End PBXTargetDependency section */

/* Begin PBXVariantGroup section */
		398906F32A93BBE600BF2288 /* LaunchScreen.storyboard */ = {
			isa = PBXVariantGroup;
			children = (
				398906F42A93BBE600BF2288 /* Base */,
			);
			name = LaunchScreen.storyboard;
			sourceTree = "<group>";
		};
/* End PBXVariantGroup section */

/* Begin XCBuildConfiguration section */
		3989070D2A93BBE600BF2288 /* Debug */ = {
			isa = XCBuildConfiguration;
			buildSettings = {
				ALWAYS_SEARCH_USER_PATHS = NO;
				CLANG_ANALYZER_NONNULL = YES;
				CLANG_ANALYZER_NUMBER_OBJECT_CONVERSION = YES_AGGRESSIVE;
				CLANG_CXX_LANGUAGE_STANDARD = "gnu++20";
				CLANG_ENABLE_MODULES = YES;
				CLANG_ENABLE_OBJC_ARC = YES;
				CLANG_ENABLE_OBJC_WEAK = YES;
				CLANG_WARN_BLOCK_CAPTURE_AUTORELEASING = YES;
				CLANG_WARN_BOOL_CONVERSION = YES;
				CLANG_WARN_COMMA = YES;
				CLANG_WARN_CONSTANT_CONVERSION = YES;
				CLANG_WARN_DEPRECATED_OBJC_IMPLEMENTATIONS = YES;
				CLANG_WARN_DIRECT_OBJC_ISA_USAGE = YES_ERROR;
				CLANG_WARN_DOCUMENTATION_COMMENTS = YES;
				CLANG_WARN_EMPTY_BODY = YES;
				CLANG_WARN_ENUM_CONVERSION = YES;
				CLANG_WARN_INFINITE_RECURSION = YES;
				CLANG_WARN_INT_CONVERSION = YES;
				CLANG_WARN_NON_LITERAL_NULL_CONVERSION = YES;
				CLANG_WARN_OBJC_IMPLICIT_RETAIN_SELF = YES;
				CLANG_WARN_OBJC_LITERAL_CONVERSION = YES;
				CLANG_WARN_OBJC_ROOT_CLASS = YES_ERROR;
				CLANG_WARN_QUOTED_INCLUDE_IN_FRAMEWORK_HEADER = YES;
				CLANG_WARN_RANGE_LOOP_ANALYSIS = YES;
				CLANG_WARN_STRICT_PROTOTYPES = YES;
				CLANG_WARN_SUSPICIOUS_MOVE = YES;
				CLANG_WARN_UNGUARDED_AVAILABILITY = YES_AGGRESSIVE;
				CLANG_WARN_UNREACHABLE_CODE = YES;
				CLANG_WARN__DUPLICATE_METHOD_MATCH = YES;
				COPY_PHASE_STRIP = NO;
				DEBUG_INFORMATION_FORMAT = dwarf;
				ENABLE_STRICT_OBJC_MSGSEND = YES;
				ENABLE_TESTABILITY = YES;
				ENABLE_USER_SCRIPT_SANDBOXING = YES;
				GCC_C_LANGUAGE_STANDARD = gnu11;
				GCC_DYNAMIC_NO_PIC = NO;
				GCC_NO_COMMON_BLOCKS = YES;
				GCC_OPTIMIZATION_LEVEL = 0;
				GCC_PREPROCESSOR_DEFINITIONS = (
					"DEBUG=1",
					"$(inherited)",
				);
				GCC_WARN_64_TO_32_BIT_CONVERSION = YES;
				GCC_WARN_ABOUT_RETURN_TYPE = YES_ERROR;
				GCC_WARN_UNDECLARED_SELECTOR = YES;
				GCC_WARN_UNINITIALIZED_AUTOS = YES_AGGRESSIVE;
				GCC_WARN_UNUSED_FUNCTION = YES;
				GCC_WARN_UNUSED_VARIABLE = YES;
				IPHONEOS_DEPLOYMENT_TARGET = 16.4;
				MTL_ENABLE_DEBUG_INFO = INCLUDE_SOURCE;
				MTL_FAST_MATH = YES;
				ONLY_ACTIVE_ARCH = YES;
				SDKROOT = iphoneos;
				SWIFT_ACTIVE_COMPILATION_CONDITIONS = DEBUG;
				SWIFT_OPTIMIZATION_LEVEL = "-Onone";
			};
			name = Debug;
		};
		3989070E2A93BBE600BF2288 /* Release */ = {
			isa = XCBuildConfiguration;
			buildSettings = {
				ALWAYS_SEARCH_USER_PATHS = NO;
				CLANG_ANALYZER_NONNULL = YES;
				CLANG_ANALYZER_NUMBER_OBJECT_CONVERSION = YES_AGGRESSIVE;
				CLANG_CXX_LANGUAGE_STANDARD = "gnu++20";
				CLANG_ENABLE_MODULES = YES;
				CLANG_ENABLE_OBJC_ARC = YES;
				CLANG_ENABLE_OBJC_WEAK = YES;
				CLANG_WARN_BLOCK_CAPTURE_AUTORELEASING = YES;
				CLANG_WARN_BOOL_CONVERSION = YES;
				CLANG_WARN_COMMA = YES;
				CLANG_WARN_CONSTANT_CONVERSION = YES;
				CLANG_WARN_DEPRECATED_OBJC_IMPLEMENTATIONS = YES;
				CLANG_WARN_DIRECT_OBJC_ISA_USAGE = YES_ERROR;
				CLANG_WARN_DOCUMENTATION_COMMENTS = YES;
				CLANG_WARN_EMPTY_BODY = YES;
				CLANG_WARN_ENUM_CONVERSION = YES;
				CLANG_WARN_INFINITE_RECURSION = YES;
				CLANG_WARN_INT_CONVERSION = YES;
				CLANG_WARN_NON_LITERAL_NULL_CONVERSION = YES;
				CLANG_WARN_OBJC_IMPLICIT_RETAIN_SELF = YES;
				CLANG_WARN_OBJC_LITERAL_CONVERSION = YES;
				CLANG_WARN_OBJC_ROOT_CLASS = YES_ERROR;
				CLANG_WARN_QUOTED_INCLUDE_IN_FRAMEWORK_HEADER = YES;
				CLANG_WARN_RANGE_LOOP_ANALYSIS = YES;
				CLANG_WARN_STRICT_PROTOTYPES = YES;
				CLANG_WARN_SUSPICIOUS_MOVE = YES;
				CLANG_WARN_UNGUARDED_AVAILABILITY = YES_AGGRESSIVE;
				CLANG_WARN_UNREACHABLE_CODE = YES;
				CLANG_WARN__DUPLICATE_METHOD_MATCH = YES;
				COPY_PHASE_STRIP = NO;
				DEBUG_INFORMATION_FORMAT = "dwarf-with-dsym";
				ENABLE_NS_ASSERTIONS = NO;
				ENABLE_STRICT_OBJC_MSGSEND = YES;
				ENABLE_USER_SCRIPT_SANDBOXING = YES;
				GCC_C_LANGUAGE_STANDARD = gnu11;
				GCC_NO_COMMON_BLOCKS = YES;
				GCC_WARN_64_TO_32_BIT_CONVERSION = YES;
				GCC_WARN_ABOUT_RETURN_TYPE = YES_ERROR;
				GCC_WARN_UNDECLARED_SELECTOR = YES;
				GCC_WARN_UNINITIALIZED_AUTOS = YES_AGGRESSIVE;
				GCC_WARN_UNUSED_FUNCTION = YES;
				GCC_WARN_UNUSED_VARIABLE = YES;
				IPHONEOS_DEPLOYMENT_TARGET = 16.4;
				MTL_ENABLE_DEBUG_INFO = NO;
				MTL_FAST_MATH = YES;
				SDKROOT = iphoneos;
				SWIFT_COMPILATION_MODE = wholemodule;
				SWIFT_OPTIMIZATION_LEVEL = "-O";
				VALIDATE_PRODUCT = YES;
			};
			name = Release;
		};
		398907102A93BBE600BF2288 /* Debug */ = {
			isa = XCBuildConfiguration;
			buildSettings = {
				ASSETCATALOG_COMPILER_APPICON_NAME = AppIcon;
				ASSETCATALOG_COMPILER_GLOBAL_ACCENT_COLOR_NAME = AccentColor;
				CODE_SIGN_STYLE = Automatic;
				CURRENT_PROJECT_VERSION = 1;
				DEVELOPMENT_TEAM = DPV2NPCRU4;
				GENERATE_INFOPLIST_FILE = YES;
				INFOPLIST_FILE = MyNewPokedex/Info.plist;
				INFOPLIST_KEY_UIApplicationSupportsIndirectInputEvents = YES;
				INFOPLIST_KEY_UILaunchStoryboardName = LaunchScreen;
				INFOPLIST_KEY_UISupportedInterfaceOrientations_iPad = "UIInterfaceOrientationPortrait UIInterfaceOrientationPortraitUpsideDown UIInterfaceOrientationLandscapeLeft UIInterfaceOrientationLandscapeRight";
				INFOPLIST_KEY_UISupportedInterfaceOrientations_iPhone = "UIInterfaceOrientationPortrait UIInterfaceOrientationLandscapeLeft UIInterfaceOrientationLandscapeRight";
				LD_RUNPATH_SEARCH_PATHS = (
					"$(inherited)",
					"@executable_path/Frameworks",
				);
				MARKETING_VERSION = 1.0;
				PRODUCT_BUNDLE_IDENTIFIER = pabloMarke.MyNewPokedex;
				PRODUCT_NAME = "$(TARGET_NAME)";
				SWIFT_EMIT_LOC_STRINGS = YES;
				SWIFT_VERSION = 5.0;
				TARGETED_DEVICE_FAMILY = "1,2";
			};
			name = Debug;
		};
		398907112A93BBE600BF2288 /* Release */ = {
			isa = XCBuildConfiguration;
			buildSettings = {
				ASSETCATALOG_COMPILER_APPICON_NAME = AppIcon;
				ASSETCATALOG_COMPILER_GLOBAL_ACCENT_COLOR_NAME = AccentColor;
				CODE_SIGN_STYLE = Automatic;
				CURRENT_PROJECT_VERSION = 1;
				DEVELOPMENT_TEAM = DPV2NPCRU4;
				GENERATE_INFOPLIST_FILE = YES;
				INFOPLIST_FILE = MyNewPokedex/Info.plist;
				INFOPLIST_KEY_UIApplicationSupportsIndirectInputEvents = YES;
				INFOPLIST_KEY_UILaunchStoryboardName = LaunchScreen;
				INFOPLIST_KEY_UISupportedInterfaceOrientations_iPad = "UIInterfaceOrientationPortrait UIInterfaceOrientationPortraitUpsideDown UIInterfaceOrientationLandscapeLeft UIInterfaceOrientationLandscapeRight";
				INFOPLIST_KEY_UISupportedInterfaceOrientations_iPhone = "UIInterfaceOrientationPortrait UIInterfaceOrientationLandscapeLeft UIInterfaceOrientationLandscapeRight";
				LD_RUNPATH_SEARCH_PATHS = (
					"$(inherited)",
					"@executable_path/Frameworks",
				);
				MARKETING_VERSION = 1.0;
				PRODUCT_BUNDLE_IDENTIFIER = pabloMarke.MyNewPokedex;
				PRODUCT_NAME = "$(TARGET_NAME)";
				SWIFT_EMIT_LOC_STRINGS = YES;
				SWIFT_VERSION = 5.0;
				TARGETED_DEVICE_FAMILY = "1,2";
			};
			name = Release;
		};
		398907132A93BBE600BF2288 /* Debug */ = {
			isa = XCBuildConfiguration;
			buildSettings = {
				ALWAYS_EMBED_SWIFT_STANDARD_LIBRARIES = YES;
				BUNDLE_LOADER = "$(TEST_HOST)";
				CODE_SIGN_STYLE = Automatic;
				CURRENT_PROJECT_VERSION = 1;
				GENERATE_INFOPLIST_FILE = YES;
				IPHONEOS_DEPLOYMENT_TARGET = 16.4;
				MARKETING_VERSION = 1.0;
				PRODUCT_BUNDLE_IDENTIFIER = pabloMarke.MyNewPokedexTests;
				PRODUCT_NAME = "$(TARGET_NAME)";
				SWIFT_EMIT_LOC_STRINGS = NO;
				SWIFT_VERSION = 5.0;
				TARGETED_DEVICE_FAMILY = "1,2";
				TEST_HOST = "$(BUILT_PRODUCTS_DIR)/MyNewPokedex.app/$(BUNDLE_EXECUTABLE_FOLDER_PATH)/MyNewPokedex";
			};
			name = Debug;
		};
		398907142A93BBE600BF2288 /* Release */ = {
			isa = XCBuildConfiguration;
			buildSettings = {
				ALWAYS_EMBED_SWIFT_STANDARD_LIBRARIES = YES;
				BUNDLE_LOADER = "$(TEST_HOST)";
				CODE_SIGN_STYLE = Automatic;
				CURRENT_PROJECT_VERSION = 1;
				GENERATE_INFOPLIST_FILE = YES;
				IPHONEOS_DEPLOYMENT_TARGET = 16.4;
				MARKETING_VERSION = 1.0;
				PRODUCT_BUNDLE_IDENTIFIER = pabloMarke.MyNewPokedexTests;
				PRODUCT_NAME = "$(TARGET_NAME)";
				SWIFT_EMIT_LOC_STRINGS = NO;
				SWIFT_VERSION = 5.0;
				TARGETED_DEVICE_FAMILY = "1,2";
				TEST_HOST = "$(BUILT_PRODUCTS_DIR)/MyNewPokedex.app/$(BUNDLE_EXECUTABLE_FOLDER_PATH)/MyNewPokedex";
			};
			name = Release;
		};
		398907162A93BBE600BF2288 /* Debug */ = {
			isa = XCBuildConfiguration;
			buildSettings = {
				ALWAYS_EMBED_SWIFT_STANDARD_LIBRARIES = YES;
				CODE_SIGN_STYLE = Automatic;
				CURRENT_PROJECT_VERSION = 1;
				GENERATE_INFOPLIST_FILE = YES;
				MARKETING_VERSION = 1.0;
				PRODUCT_BUNDLE_IDENTIFIER = pabloMarke.MyNewPokedexUITests;
				PRODUCT_NAME = "$(TARGET_NAME)";
				SWIFT_EMIT_LOC_STRINGS = NO;
				SWIFT_VERSION = 5.0;
				TARGETED_DEVICE_FAMILY = "1,2";
				TEST_TARGET_NAME = MyNewPokedex;
			};
			name = Debug;
		};
		398907172A93BBE600BF2288 /* Release */ = {
			isa = XCBuildConfiguration;
			buildSettings = {
				ALWAYS_EMBED_SWIFT_STANDARD_LIBRARIES = YES;
				CODE_SIGN_STYLE = Automatic;
				CURRENT_PROJECT_VERSION = 1;
				GENERATE_INFOPLIST_FILE = YES;
				MARKETING_VERSION = 1.0;
				PRODUCT_BUNDLE_IDENTIFIER = pabloMarke.MyNewPokedexUITests;
				PRODUCT_NAME = "$(TARGET_NAME)";
				SWIFT_EMIT_LOC_STRINGS = NO;
				SWIFT_VERSION = 5.0;
				TARGETED_DEVICE_FAMILY = "1,2";
				TEST_TARGET_NAME = MyNewPokedex;
			};
			name = Release;
		};
/* End XCBuildConfiguration section */

/* Begin XCConfigurationList section */
		398906E02A93BBE300BF2288 /* Build configuration list for PBXProject "MyNewPokedex" */ = {
			isa = XCConfigurationList;
			buildConfigurations = (
				3989070D2A93BBE600BF2288 /* Debug */,
				3989070E2A93BBE600BF2288 /* Release */,
			);
			defaultConfigurationIsVisible = 0;
			defaultConfigurationName = Release;
		};
		3989070F2A93BBE600BF2288 /* Build configuration list for PBXNativeTarget "MyNewPokedex" */ = {
			isa = XCConfigurationList;
			buildConfigurations = (
				398907102A93BBE600BF2288 /* Debug */,
				398907112A93BBE600BF2288 /* Release */,
			);
			defaultConfigurationIsVisible = 0;
			defaultConfigurationName = Release;
		};
		398907122A93BBE600BF2288 /* Build configuration list for PBXNativeTarget "MyNewPokedexTests" */ = {
			isa = XCConfigurationList;
			buildConfigurations = (
				398907132A93BBE600BF2288 /* Debug */,
				398907142A93BBE600BF2288 /* Release */,
			);
			defaultConfigurationIsVisible = 0;
			defaultConfigurationName = Release;
		};
		398907152A93BBE600BF2288 /* Build configuration list for PBXNativeTarget "MyNewPokedexUITests" */ = {
			isa = XCConfigurationList;
			buildConfigurations = (
				398907162A93BBE600BF2288 /* Debug */,
				398907172A93BBE600BF2288 /* Release */,
			);
			defaultConfigurationIsVisible = 0;
			defaultConfigurationName = Release;
		};
/* End XCConfigurationList section */

/* Begin XCRemoteSwiftPackageReference section */
		3993D2ED2A95138D0031409F /* XCRemoteSwiftPackageReference "Kingfisher" */ = {
			isa = XCRemoteSwiftPackageReference;
			repositoryURL = "https://github.com/onevcat/Kingfisher.git";
			requirement = {
				kind = upToNextMajorVersion;
				minimumVersion = 7.0.0;
			};
		};
/* End XCRemoteSwiftPackageReference section */

/* Begin XCSwiftPackageProductDependency section */
		3993D2EE2A95138D0031409F /* Kingfisher */ = {
			isa = XCSwiftPackageProductDependency;
			package = 3993D2ED2A95138D0031409F /* XCRemoteSwiftPackageReference "Kingfisher" */;
			productName = Kingfisher;
		};
/* End XCSwiftPackageProductDependency section */
	};
	rootObject = 398906DD2A93BBE300BF2288 /* Project object */;
}
